
Microsoft Visual Studio Solution File, Format Version 12.00
# Visual Studio Version 17
VisualStudioVersion = 17.14.36414.22 d17.14
MinimumVisualStudioVersion = 10.0.40219.1
Project("{FAE04EC0-301F-11D3-BF4B-00C04F79EFBC}") = "DevOpsClass6", "DevOpsClass6\DevOpsClass6.csproj", "{3C0A1810-5383-4BCA-BD9D-E949B9B38AD0}"
EndProject
Global
	GlobalSection(SolutionConfigurationPlatforms) = preSolution
		Debug|Any CPU = Debug|Any CPU
		Release|Any CPU = Release|Any CPU
	EndGlobalSection
	GlobalSection(ProjectConfigurationPlatforms) = postSolution
		{3C0A1810-5383-4BCA-BD9D-E949B9B38AD0}.Debug|Any CPU.ActiveCfg = Debug|Any CPU
		{3C0A1810-5383-4BCA-BD9D-E949B9B38AD0}.Debug|Any CPU.Build.0 = Debug|Any CPU
		{3C0A1810-5383-4BCA-BD9D-E949B9B38AD0}.Release|Any CPU.ActiveCfg = Release|Any CPU
		{3C0A1810-5383-4BCA-BD9D-E949B9B38AD0}.Release|Any CPU.Build.0 = Release|Any CPU
	EndGlobalSection
	GlobalSection(SolutionProperties) = preSolution
		HideSolutionNode = FALSE
	EndGlobalSection
	GlobalSection(ExtensibilityGlobals) = postSolution
		SolutionGuid = {014A3E99-0AAE-4BF8-9FE0-25D314ABDB49}
	EndGlobalSection
EndGlobal
